Microsoft Visual Studio Solution File, Format Version 12.00
# Visual Studio Version 17
VisualStudioVersion = 17.5.2.0
MinimumVisualStudioVersion = 10.0.40219.1
Project("{FAE04EC0-301F-11D3-BF4B-00C04F79EFBC}") = ".fake", "temp-grammars\.fake.csproj", "{D7D0AA85-10AC-5CBE-C0E2-1F500058FF9C}"
EndProject
Project("{2150E333-8FDC-42A3-9474-1A3956D46DE8}") = "temp-grammars", "temp-grammars", "{4F4D626A-FEBC-3DDD-B9C3-77790D7DDEAF}"
EndProject
Project("{2150E333-8FDC-42A3-9474-1A3956D46DE8}") = "_scripts", "_scripts", "{15C8721C-49F1-624F-80A3-9E714EE8B9BA}"
EndProject
Project("{2150E333-8FDC-42A3-9474-1A3956D46DE8}") = "templates", "templates", "{4D979F9C-312F-1FF2-E2FD-10484912AEEE}"
EndProject
Project("{FAE04EC0-301F-11D3-BF4B-00C04F79EFBC}") = "st.Test", "temp-grammars\_scripts\templates\Antlr4cs\st.Test.csproj", "{0422129F-5600-FE55-B131-9D6F8616D3AF}"
EndProject
Project("{FAE04EC0-301F-11D3-BF4B-00C04F79EFBC}") = "Other", "temp-grammars\_scripts\templates\CSharp\Other.csproj", "{4EAEF0AA-5DBB-BAA7-6848-7DC09624E4B9}"
EndProject
Global
	GlobalSection(SolutionConfigurationPlatforms) = preSolution
		Debug|Any CPU = Debug|Any CPU
		Release|Any CPU = Release|Any CPU
	EndGlobalSection
	GlobalSection(ProjectConfigurationPlatforms) = postSolution
		{D7D0AA85-10AC-5CBE-C0E2-1F500058FF9C}.Debug|Any CPU.ActiveCfg = Debug|Any CPU
		{D7D0AA85-10AC-5CBE-C0E2-1F500058FF9C}.Debug|Any CPU.Build.0 = Debug|Any CPU
		{D7D0AA85-10AC-5CBE-C0E2-1F500058FF9C}.Release|Any CPU.ActiveCfg = Release|Any CPU
		{D7D0AA85-10AC-5CBE-C0E2-1F500058FF9C}.Release|Any CPU.Build.0 = Release|Any CPU
		{0422129F-5600-FE55-B131-9D6F8616D3AF}.Debug|Any CPU.ActiveCfg = Debug|Any CPU
		{0422129F-5600-FE55-B131-9D6F8616D3AF}.Debug|Any CPU.Build.0 = Debug|Any CPU
		{0422129F-5600-FE55-B131-9D6F8616D3AF}.Release|Any CPU.ActiveCfg = Release|Any CPU
		{0422129F-5600-FE55-B131-9D6F8616D3AF}.Release|Any CPU.Build.0 = Release|Any CPU
		{4EAEF0AA-5DBB-BAA7-6848-7DC09624E4B9}.Debug|Any CPU.ActiveCfg = Debug|Any CPU
		{4EAEF0AA-5DBB-BAA7-6848-7DC09624E4B9}.Debug|Any CPU.Build.0 = Debug|Any CPU
		{4EAEF0AA-5DBB-BAA7-6848-7DC09624E4B9}.Release|Any CPU.ActiveCfg = Release|Any CPU
		{4EAEF0AA-5DBB-BAA7-6848-7DC09624E4B9}.Release|Any CPU.Build.0 = Release|Any CPU
	EndGlobalSection
	GlobalSection(SolutionProperties) = preSolution
		HideSolutionNode = FALSE
	EndGlobalSection
	GlobalSection(NestedProjects) = preSolution
		{15C8721C-49F1-624F-80A3-9E714EE8B9BA} = {4F4D626A-FEBC-3DDD-B9C3-77790D7DDEAF}
		{4D979F9C-312F-1FF2-E2FD-10484912AEEE} = {15C8721C-49F1-624F-80A3-9E714EE8B9BA}
		{0422129F-5600-FE55-B131-9D6F8616D3AF} = {4D979F9C-312F-1FF2-E2FD-10484912AEEE}
		{4EAEF0AA-5DBB-BAA7-6848-7DC09624E4B9} = {4D979F9C-312F-1FF2-E2FD-10484912AEEE}
	EndGlobalSection
	GlobalSection(ExtensibilityGlobals) = postSolution
		SolutionGuid = {2B5C2DF0-A6C6-47CA-92B3-676BE3D35E83}
	EndGlobalSection
EndGlobal
